
Microsoft Visual Studio Solution File, Format Version 12.00
# Visual Studio Version 17
VisualStudioVersion = 17.3.32929.385
MinimumVisualStudioVersion = 10.0.40219.1
Project("{FAE04EC0-301F-11D3-BF4B-00C04F79EFBC}") = "GUI", "GUI\GUI.csproj", "{36EB8366-E110-449B-8BB0-B639D5BC0A36}"
EndProject
Project("{FAE04EC0-301F-11D3-BF4B-00C04F79EFBC}") = "BLL", "BLL\BLL.csproj", "{ACBF4B42-7CA9-44E2-9D1B-1D735D80BB88}"
EndProject
Project("{FAE04EC0-301F-11D3-BF4B-00C04F79EFBC}") = "DAO", "DAO\DAO.csproj", "{C40152EA-CCDC-473F-A517-5C1D39E07AB1}"
EndProject
Project("{FAE04EC0-301F-11D3-BF4B-00C04F79EFBC}") = "Entitys", "Entitys\Entitys.csproj", "{24FE1780-562D-43E7-8FA3-B5BFF43D61F8}"
EndProject
Global
	GlobalSection(SolutionConfigurationPlatforms) = preSolution
		Debug|Any CPU = Debug|Any CPU
		Release|Any CPU = Release|Any CPU
	EndGlobalSection
	GlobalSection(ProjectConfigurationPlatforms) = postSolution
		{36EB8366-E110-449B-8BB0-B639D5BC0A36}.Debug|Any CPU.ActiveCfg = Debug|Any CPU
		{36EB8366-E110-449B-8BB0-B639D5BC0A36}.Debug|Any CPU.Build.0 = Debug|Any CPU
		{36EB8366-E110-449B-8BB0-B639D5BC0A36}.Release|Any CPU.ActiveCfg = Release|Any CPU
		{36EB8366-E110-449B-8BB0-B639D5BC0A36}.Release|Any CPU.Build.0 = Release|Any CPU
		{ACBF4B42-7CA9-44E2-9D1B-1D735D80BB88}.Debug|Any CPU.ActiveCfg = Debug|Any CPU
		{ACBF4B42-7CA9-44E2-9D1B-1D735D80BB88}.Debug|Any CPU.Build.0 = Debug|Any CPU
		{ACBF4B42-7CA9-44E2-9D1B-1D735D80BB88}.Release|Any CPU.ActiveCfg = Release|Any CPU
		{ACBF4B42-7CA9-44E2-9D1B-1D735D80BB88}.Release|Any CPU.Build.0 = Release|Any CPU
		{C40152EA-CCDC-473F-A517-5C1D39E07AB1}.Debug|Any CPU.ActiveCfg = Debug|Any CPU
		{C40152EA-CCDC-473F-A517-5C1D39E07AB1}.Debug|Any CPU.Build.0 = Debug|Any CPU
		{C40152EA-CCDC-473F-A517-5C1D39E07AB1}.Release|Any CPU.ActiveCfg = Release|Any CPU
		{C40152EA-CCDC-473F-A517-5C1D39E07AB1}.Release|Any CPU.Build.0 = Release|Any CPU
		{24FE1780-562D-43E7-8FA3-B5BFF43D61F8}.Debug|Any CPU.ActiveCfg = Debug|Any CPU
		{24FE1780-562D-43E7-8FA3-B5BFF43D61F8}.Debug|Any CPU.Build.0 = Debug|Any CPU
		{24FE1780-562D-43E7-8FA3-B5BFF43D61F8}.Release|Any CPU.ActiveCfg = Release|Any CPU
		{24FE1780-562D-43E7-8FA3-B5BFF43D61F8}.Release|Any CPU.Build.0 = Release|Any CPU
	EndGlobalSection
	GlobalSection(SolutionProperties) = preSolution
		HideSolutionNode = FALSE
	EndGlobalSection
	GlobalSection(ExtensibilityGlobals) = postSolution
		SolutionGuid = {99D70F2A-2038-4056-8DB1-CFB855576837}
	EndGlobalSection
EndGlobal
